
Microsoft Visual Studio Solution File, Format Version 12.00
# Visual Studio Version 17
VisualStudioVersion = 17.0.31903.59
MinimumVisualStudioVersion = 10.0.40219.1
Project("{2150E333-8FDC-42A3-9474-1A3956D46DE8}") = "src", "src", "{827E0CD3-B72D-47B6-A68D-7590B98EB39B}"
EndProject
Project("{FAE04EC0-301F-11D3-BF4B-00C04F79EFBC}") = "AuthService.Domain", "src\AuthService.Domain\AuthService.Domain.csproj", "{75CE28B7-2A5A-4766-8E51-1FF6556803DA}"
EndProject
Project("{FAE04EC0-301F-11D3-BF4B-00C04F79EFBC}") = "AuthService.Application", "src\AuthService.Application\AuthService.Application.csproj", "{CE296136-A76F-4F11-9752-FD2B3D580638}"
EndProject
Project("{FAE04EC0-301F-11D3-BF4B-00C04F79EFBC}") = "AuthService.Infrastructure", "src\AuthService.Infrastructure\AuthService.Infrastructure.csproj", "{24031FAB-FA3E-4A72-9106-A34D6383BBAA}"
EndProject
Project("{FAE04EC0-301F-11D3-BF4B-00C04F79EFBC}") = "AuthService.Persistence", "src\AuthService.Persistence\AuthService.Persistence.csproj", "{3CED01AB-3D21-488C-B0AA-A25526CE2540}"
EndProject
Project("{FAE04EC0-301F-11D3-BF4B-00C04F79EFBC}") = "AuthService.API", "src\AuthService.API\AuthService.API.csproj", "{1432FB68-9AD5-4413-A987-B2C257D01549}"
EndProject
Project("{2150E333-8FDC-42A3-9474-1A3956D46DE8}") = "Elementos de la solución", "Elementos de la solución", "{D107F4C8-89CC-BEA8-D3D7-CA6B7733353D}"
	ProjectSection(SolutionItems) = preProject
		.env = .env
		.gitignore = .gitignore
		docker-compose.yml = docker-compose.yml
		Dockerfile = Dockerfile
	EndProjectSection
EndProject
Global
	GlobalSection(SolutionConfigurationPlatforms) = preSolution
		Debug|Any CPU = Debug|Any CPU
		Debug|x64 = Debug|x64
		Debug|x86 = Debug|x86
		Release|Any CPU = Release|Any CPU
		Release|x64 = Release|x64
		Release|x86 = Release|x86
	EndGlobalSection
	GlobalSection(ProjectConfigurationPlatforms) = postSolution
		{75CE28B7-2A5A-4766-8E51-1FF6556803DA}.Debug|Any CPU.ActiveCfg = Debug|Any CPU
		{75CE28B7-2A5A-4766-8E51-1FF6556803DA}.Debug|Any CPU.Build.0 = Debug|Any CPU
		{75CE28B7-2A5A-4766-8E51-1FF6556803DA}.Debug|x64.ActiveCfg = Debug|Any CPU
		{75CE28B7-2A5A-4766-8E51-1FF6556803DA}.Debug|x64.Build.0 = Debug|Any CPU
		{75CE28B7-2A5A-4766-8E51-1FF6556803DA}.Debug|x86.ActiveCfg = Debug|Any CPU
		{75CE28B7-2A5A-4766-8E51-1FF6556803DA}.Debug|x86.Build.0 = Debug|Any CPU
		{75CE28B7-2A5A-4766-8E51-1FF6556803DA}.Release|Any CPU.ActiveCfg = Release|Any CPU
		{75CE28B7-2A5A-4766-8E51-1FF6556803DA}.Release|Any CPU.Build.0 = Release|Any CPU
		{75CE28B7-2A5A-4766-8E51-1FF6556803DA}.Release|x64.ActiveCfg = Release|Any CPU
		{75CE28B7-2A5A-4766-8E51-1FF6556803DA}.Release|x64.Build.0 = Release|Any CPU
		{75CE28B7-2A5A-4766-8E51-1FF6556803DA}.Release|x86.ActiveCfg = Release|Any CPU
		{75CE28B7-2A5A-4766-8E51-1FF6556803DA}.Release|x86.Build.0 = Release|Any CPU
		{CE296136-A76F-4F11-9752-FD2B3D580638}.Debug|Any CPU.ActiveCfg = Debug|Any CPU
		{CE296136-A76F-4F11-9752-FD2B3D580638}.Debug|Any CPU.Build.0 = Debug|Any CPU
		{CE296136-A76F-4F11-9752-FD2B3D580638}.Debug|x64.ActiveCfg = Debug|Any CPU
		{CE296136-A76F-4F11-9752-FD2B3D580638}.Debug|x64.Build.0 = Debug|Any CPU
		{CE296136-A76F-4F11-9752-FD2B3D580638}.Debug|x86.ActiveCfg = Debug|Any CPU
		{CE296136-A76F-4F11-9752-FD2B3D580638}.Debug|x86.Build.0 = Debug|Any CPU
		{CE296136-A76F-4F11-9752-FD2B3D580638}.Release|Any CPU.ActiveCfg = Release|Any CPU
		{CE296136-A76F-4F11-9752-FD2B3D580638}.Release|Any CPU.Build.0 = Release|Any CPU
		{CE296136-A76F-4F11-9752-FD2B3D580638}.Release|x64.ActiveCfg = Release|Any CPU
		{CE296136-A76F-4F11-9752-FD2B3D580638}.Release|x64.Build.0 = Release|Any CPU
		{CE296136-A76F-4F11-9752-FD2B3D580638}.Release|x86.ActiveCfg = Release|Any CPU
		{CE296136-A76F-4F11-9752-FD2B3D580638}.Release|x86.Build.0 = Release|Any CPU
		{24031FAB-FA3E-4A72-9106-A34D6383BBAA}.Debug|Any CPU.ActiveCfg = Debug|Any CPU
		{24031FAB-FA3E-4A72-9106-A34D6383BBAA}.Debug|Any CPU.Build.0 = Debug|Any CPU
		{24031FAB-FA3E-4A72-9106-A34D6383BBAA}.Debug|x64.ActiveCfg = Debug|Any CPU
		{24031FAB-FA3E-4A72-9106-A34D6383BBAA}.Debug|x64.Build.0 = Debug|Any CPU
		{24031FAB-FA3E-4A72-9106-A34D6383BBAA}.Debug|x86.ActiveCfg = Debug|Any CPU
		{24031FAB-FA3E-4A72-9106-A34D6383BBAA}.Debug|x86.Build.0 = Debug|Any CPU
		{24031FAB-FA3E-4A72-9106-A34D6383BBAA}.Release|Any CPU.ActiveCfg = Release|Any CPU
		{24031FAB-FA3E-4A72-9106-A34D6383BBAA}.Release|Any CPU.Build.0 = Release|Any CPU
		{24031FAB-FA3E-4A72-9106-A34D6383BBAA}.Release|x64.ActiveCfg = Release|Any CPU
		{24031FAB-FA3E-4A72-9106-A34D6383BBAA}.Release|x64.Build.0 = Release|Any CPU
		{24031FAB-FA3E-4A72-9106-A34D6383BBAA}.Release|x86.ActiveCfg = Release|Any CPU
		{24031FAB-FA3E-4A72-9106-A34D6383BBAA}.Release|x86.Build.0 = Release|Any CPU
		{3CED01AB-3D21-488C-B0AA-A25526CE2540}.Debug|Any CPU.ActiveCfg = Debug|Any CPU
		{3CED01AB-3D21-488C-B0AA-A25526CE2540}.Debug|Any CPU.Build.0 = Debug|Any CPU
		{3CED01AB-3D21-488C-B0AA-A25526CE2540}.Debug|x64.ActiveCfg = Debug|Any CPU
		{3CED01AB-3D21-488C-B0AA-A25526CE2540}.Debug|x64.Build.0 = Debug|Any CPU
		{3CED01AB-3D21-488C-B0AA-A25526CE2540}.Debug|x86.ActiveCfg = Debug|Any CPU
		{3CED01AB-3D21-488C-B0AA-A25526CE2540}.Debug|x86.Build.0 = Debug|Any CPU
		{3CED01AB-3D21-488C-B0AA-A25526CE2540}.Release|Any CPU.ActiveCfg = Release|Any CPU
		{3CED01AB-3D21-488C-B0AA-A25526CE2540}.Release|Any CPU.Build.0 = Release|Any CPU
		{3CED01AB-3D21-488C-B0AA-A25526CE2540}.Release|x64.ActiveCfg = Release|Any CPU
		{3CED01AB-3D21-488C-B0AA-A25526CE2540}.Release|x64.Build.0 = Release|Any CPU
		{3CED01AB-3D21-488C-B0AA-A25526CE2540}.Release|x86.ActiveCfg = Release|Any CPU
		{3CED01AB-3D21-488C-B0AA-A25526CE2540}.Release|x86.Build.0 = Release|Any CPU
		{1432FB68-9AD5-4413-A987-B2C257D01549}.Debug|Any CPU.ActiveCfg = Debug|Any CPU
		{1432FB68-9AD5-4413-A987-B2C257D01549}.Debug|Any CPU.Build.0 = Debug|Any CPU
		{1432FB68-9AD5-4413-A987-B2C257D01549}.Debug|x64.ActiveCfg = Debug|Any CPU
		{1432FB68-9AD5-4413-A987-B2C257D01549}.Debug|x64.Build.0 = Debug|Any CPU
		{1432FB68-9AD5-4413-A987-B2C257D01549}.Debug|x86.ActiveCfg = Debug|Any CPU
		{1432FB68-9AD5-4413-A987-B2C257D01549}.Debug|x86.Build.0 = Debug|Any CPU
		{1432FB68-9AD5-4413-A987-B2C257D01549}.Release|Any CPU.ActiveCfg = Release|Any CPU
		{1432FB68-9AD5-4413-A987-B2C257D01549}.Release|Any CPU.Build.0 = Release|Any CPU
		{1432FB68-9AD5-4413-A987-B2C257D01549}.Release|x64.ActiveCfg = Release|Any CPU
		{1432FB68-9AD5-4413-A987-B2C257D01549}.Release|x64.Build.0 = Release|Any CPU
		{1432FB68-9AD5-4413-A987-B2C257D01549}.Release|x86.ActiveCfg = Release|Any CPU
		{1432FB68-9AD5-4413-A987-B2C257D01549}.Release|x86.Build.0 = Release|Any CPU
	EndGlobalSection
	GlobalSection(SolutionProperties) = preSolution
		HideSolutionNode = FALSE
	EndGlobalSection
	GlobalSection(NestedProjects) = preSolution
		{75CE28B7-2A5A-4766-8E51-1FF6556803DA} = {827E0CD3-B72D-47B6-A68D-7590B98EB39B}
		{CE296136-A76F-4F11-9752-FD2B3D580638} = {827E0CD3-B72D-47B6-A68D-7590B98EB39B}
		{24031FAB-FA3E-4A72-9106-A34D6383BBAA} = {827E0CD3-B72D-47B6-A68D-7590B98EB39B}
		{3CED01AB-3D21-488C-B0AA-A25526CE2540} = {827E0CD3-B72D-47B6-A68D-7590B98EB39B}
		{1432FB68-9AD5-4413-A987-B2C257D01549} = {827E0CD3-B72D-47B6-A68D-7590B98EB39B}
	EndGlobalSection
	GlobalSection(ExtensibilityGlobals) = postSolution
		SolutionGuid = {0241CCB2-DCB3-4555-8A3D-018ACA925481}
	EndGlobalSection
EndGlobal
